
Microsoft Visual Studio Solution File, Format Version 12.00
# Visual Studio Version 17
VisualStudioVersion = 17.5.33516.290
MinimumVisualStudioVersion = 10.0.40219.1
Project("{FAE04EC0-301F-11D3-BF4B-00C04F79EFBC}") = "Task_2_PolessUP", "Task_2_PolessUP\Task_2_PolessUP.csproj", "{ACACD5EA-4547-4D5F-B860-D75CAFC87646}"
EndProject
Global
	GlobalSection(SolutionConfigurationPlatforms) = preSolution
		Debug|Any CPU = Debug|Any CPU
		Release|Any CPU = Release|Any CPU
	EndGlobalSection
	GlobalSection(ProjectConfigurationPlatforms) = postSolution
		{ACACD5EA-4547-4D5F-B860-D75CAFC87646}.Debug|Any CPU.ActiveCfg = Debug|Any CPU
		{ACACD5EA-4547-4D5F-B860-D75CAFC87646}.Debug|Any CPU.Build.0 = Debug|Any CPU
		{ACACD5EA-4547-4D5F-B860-D75CAFC87646}.Release|Any CPU.ActiveCfg = Release|Any CPU
		{ACACD5EA-4547-4D5F-B860-D75CAFC87646}.Release|Any CPU.Build.0 = Release|Any CPU
	EndGlobalSection
	GlobalSection(SolutionProperties) = preSolution
		HideSolutionNode = FALSE
	EndGlobalSection
	GlobalSection(ExtensibilityGlobals) = postSolution
		SolutionGuid = {1975FCEE-75AE-4D5C-882E-D5B5CD646904}
	EndGlobalSection
EndGlobal
